// !$*UTF8*$!
{
	archiveVersion = 1;
	classes = {
	};
	objectVersion = 77;
	objects = {

/* Begin PBXBuildFile section */
		E83453A42E3155E00020A4E0 /* NMSSH.framework in Frameworks */ = {isa = PBXBuildFile; fileRef = E859C76B2DEA114F009A5FD2 /* NMSSH.framework */; };
		E83453A52E3155E00020A4E0 /* NMSSH.framework in Embed Frameworks */ = {isa = PBXBuildFile; fileRef = E859C76B2DEA114F009A5FD2 /* NMSSH.framework */; settings = {ATTRIBUTES = (CodeSignOnCopy, RemoveHeadersOnCopy, ); }; };
		E84554C92D50CB220067ADF8 /* GApp2Watch Watch App.app in Embed Watch Content */ = {isa = PBXBuildFile; fileRef = E84554BC2D50CB200067ADF8 /* GApp2Watch Watch App.app */; settings = {ATTRIBUTES = (RemoveHeadersOnCopy, ); }; };
		E887D28C2D10593C00A7EB10 /* Collections in Frameworks */ = {isa = PBXBuildFile; productRef = E887D28B2D10593C00A7EB10 /* Collections */; };
		E887D28E2D10593C00A7EB10 /* HashTreeCollections in Frameworks */ = {isa = PBXBuildFile; productRef = E887D28D2D10593C00A7EB10 /* HashTreeCollections */; };
		E887D2902D10593C00A7EB10 /* OrderedCollections in Frameworks */ = {isa = PBXBuildFile; productRef = E887D28F2D10593C00A7EB10 /* OrderedCollections */; };
/* End PBXBuildFile section */

/* Begin PBXContainerItemProxy section */
		E84554C72D50CB220067ADF8 /* PBXContainerItemProxy */ = {
			isa = PBXContainerItemProxy;
			containerPortal = E887D1FA2D10550600A7EB10 /* Project object */;
			proxyType = 1;
			remoteGlobalIDString = E84554BB2D50CB200067ADF8;
			remoteInfo = "GApp2Watch Watch App";
		};
/* End PBXContainerItemProxy section */

/* Begin PBXCopyFilesBuildPhase section */
		E83453A62E3155E00020A4E0 /* Embed Frameworks */ = {
			isa = PBXCopyFilesBuildPhase;
			buildActionMask = 2147483647;
			dstPath = "";
			dstSubfolderSpec = 10;
			files = (
				E83453A52E3155E00020A4E0 /* NMSSH.framework in Embed Frameworks */,
			);
			name = "Embed Frameworks";
			runOnlyForDeploymentPostprocessing = 0;
		};
		E84554CD2D50CB220067ADF8 /* Embed Watch Content */ = {
			isa = PBXCopyFilesBuildPhase;
			buildActionMask = 2147483647;
			dstPath = "$(CONTENTS_FOLDER_PATH)/Watch";
			dstSubfolderSpec = 16;
			files = (
				E84554C92D50CB220067ADF8 /* GApp2Watch Watch App.app in Embed Watch Content */,
			);
			name = "Embed Watch Content";
			runOnlyForDeploymentPostprocessing = 0;
		};
/* End PBXCopyFilesBuildPhase section */

/* Begin PBXFileReference section */
		E84554BC2D50CB200067ADF8 /* GApp2Watch Watch App.app */ = {isa = PBXFileReference; explicitFileType = wrapper.application; includeInIndex = 0; path = "GApp2Watch Watch App.app"; sourceTree = BUILT_PRODUCTS_DIR; };
		E859C76B2DEA114F009A5FD2 /* NMSSH.framework */ = {isa = PBXFileReference; lastKnownFileType = wrapper.framework; name = NMSSH.framework; path = System/Library/Frameworks/NMSSH.framework; sourceTree = SDKROOT; };
		E887D2022D10550600A7EB10 /* GApp2.app */ = {isa = PBXFileReference; explicitFileType = wrapper.application; includeInIndex = 0; path = GApp2.app; sourceTree = BUILT_PRODUCTS_DIR; };
/* End PBXFileReference section */

/* Begin PBXFileSystemSynchronizedBuildFileExceptionSet section */
		E88F21862E1FBF6000109346 /* Exceptions for "GApp2" folder in "GApp2" target */ = {
			isa = PBXFileSystemSynchronizedBuildFileExceptionSet;
			membershipExceptions = (
				hid/HID_demo.swift.txt,
				hid/KeyCodes.swift.txt,
			);
			target = E887D2012D10550600A7EB10 /* GApp2 */;
		};
/* End PBXFileSystemSynchronizedBuildFileExceptionSet section */

/* Begin PBXFileSystemSynchronizedGroupBuildPhaseMembershipExceptionSet section */
		E88F21872E1FBF6000109346 /* Exceptions for "GApp2" folder in "Compile Sources" phase from "GApp2" target */ = {
			isa = PBXFileSystemSynchronizedGroupBuildPhaseMembershipExceptionSet;
			buildPhase = E887D1FE2D10550600A7EB10 /* Sources */;
			membershipExceptions = (
				hid/HID_demo.swift.txt,
				hid/KeyCodes.swift.txt,
			);
		};
/* End PBXFileSystemSynchronizedGroupBuildPhaseMembershipExceptionSet section */

/* Begin PBXFileSystemSynchronizedRootGroup section */
		E84554BD2D50CB200067ADF8 /* GApp2Watch Watch App */ = {
			isa = PBXFileSystemSynchronizedRootGroup;
			path = "GApp2Watch Watch App";
			sourceTree = "<group>";
		};
		E887D2042D10550600A7EB10 /* GApp2 */ = {
			isa = PBXFileSystemSynchronizedRootGroup;
			exceptions = (
				E88F21862E1FBF6000109346 /* Exceptions for "GApp2" folder in "GApp2" target */,
				E88F21872E1FBF6000109346 /* Exceptions for "GApp2" folder in "Compile Sources" phase from "GApp2" target */,
			);
			path = GApp2;
			sourceTree = "<group>";
		};
/* End PBXFileSystemSynchronizedRootGroup section */

/* Begin PBXFrameworksBuildPhase section */
		E84554B92D50CB200067ADF8 /* Frameworks */ = {
			isa = PBXFrameworksBuildPhase;
			buildActionMask = 2147483647;
			files = (
			);
			runOnlyForDeploymentPostprocessing = 0;
		};
		E887D1FF2D10550600A7EB10 /* Frameworks */ = {
			isa = PBXFrameworksBuildPhase;
			buildActionMask = 2147483647;
			files = (
				E83453A42E3155E00020A4E0 /* NMSSH.framework in Frameworks */,
				E887D28E2D10593C00A7EB10 /* HashTreeCollections in Frameworks */,
				E887D28C2D10593C00A7EB10 /* Collections in Frameworks */,
				E887D2902D10593C00A7EB10 /* OrderedCollections in Frameworks */,
			);
			runOnlyForDeploymentPostprocessing = 0;
		};
/* End PBXFrameworksBuildPhase section */

/* Begin PBXGroup section */
		E859C76A2DEA114F009A5FD2 /* Frameworks */ = {
			isa = PBXGroup;
			children = (
				E859C76B2DEA114F009A5FD2 /* NMSSH.framework */,
			);
			name = Frameworks;
			sourceTree = "<group>";
		};
		E887D1F92D10550600A7EB10 = {
			isa = PBXGroup;
			children = (
				E887D2042D10550600A7EB10 /* GApp2 */,
				E84554BD2D50CB200067ADF8 /* GApp2Watch Watch App */,
				E859C76A2DEA114F009A5FD2 /* Frameworks */,
				E887D2032D10550600A7EB10 /* Products */,
			);
			sourceTree = "<group>";
		};
		E887D2032D10550600A7EB10 /* Products */ = {
			isa = PBXGroup;
			children = (
				E887D2022D10550600A7EB10 /* GApp2.app */,
				E84554BC2D50CB200067ADF8 /* GApp2Watch Watch App.app */,
			);
			name = Products;
			sourceTree = "<group>";
		};
/* End PBXGroup section */

/* Begin PBXNativeTarget section */
		E84554BB2D50CB200067ADF8 /* GApp2Watch Watch App */ = {
			isa = PBXNativeTarget;
			buildConfigurationList = E84554CA2D50CB220067ADF8 /* Build configuration list for PBXNativeTarget "GApp2Watch Watch App" */;
			buildPhases = (
				E84554B82D50CB200067ADF8 /* Sources */,
				E84554B92D50CB200067ADF8 /* Frameworks */,
				E84554BA2D50CB200067ADF8 /* Resources */,
			);
			buildRules = (
			);
			dependencies = (
			);
			fileSystemSynchronizedGroups = (
				E84554BD2D50CB200067ADF8 /* GApp2Watch Watch App */,
			);
			name = "GApp2Watch Watch App";
			packageProductDependencies = (
			);
			productName = "GApp2Watch Watch App";
			productReference = E84554BC2D50CB200067ADF8 /* GApp2Watch Watch App.app */;
			productType = "com.apple.product-type.application";
		};
		E887D2012D10550600A7EB10 /* GApp2 */ = {
			isa = PBXNativeTarget;
			buildConfigurationList = E887D2102D10550700A7EB10 /* Build configuration list for PBXNativeTarget "GApp2" */;
			buildPhases = (
				E887D1FE2D10550600A7EB10 /* Sources */,
				E887D1FF2D10550600A7EB10 /* Frameworks */,
				E887D2002D10550600A7EB10 /* Resources */,
				E84554CD2D50CB220067ADF8 /* Embed Watch Content */,
				E83453A62E3155E00020A4E0 /* Embed Frameworks */,
			);
			buildRules = (
			);
			dependencies = (
				E84554C82D50CB220067ADF8 /* PBXTargetDependency */,
			);
			fileSystemSynchronizedGroups = (
				E887D2042D10550600A7EB10 /* GApp2 */,
			);
			name = GApp2;
			packageProductDependencies = (
				E887D28B2D10593C00A7EB10 /* Collections */,
				E887D28D2D10593C00A7EB10 /* HashTreeCollections */,
				E887D28F2D10593C00A7EB10 /* OrderedCollections */,
			);
			productName = GApp2;
			productReference = E887D2022D10550600A7EB10 /* GApp2.app */;
			productType = "com.apple.product-type.application";
		};
/* End PBXNativeTarget section */

/* Begin PBXProject section */
		E887D1FA2D10550600A7EB10 /* Project object */ = {
			isa = PBXProject;
			attributes = {
				BuildIndependentTargetsInParallel = 1;
				KnownAssetTags = (
					New,
				);
				LastSwiftUpdateCheck = 1600;
				LastUpgradeCheck = 1600;
				TargetAttributes = {
					E84554BB2D50CB200067ADF8 = {
						CreatedOnToolsVersion = 16.0;
					};
					E887D2012D10550600A7EB10 = {
						CreatedOnToolsVersion = 16.0;
					};
				};
			};
			buildConfigurationList = E887D1FD2D10550600A7EB10 /* Build configuration list for PBXProject "GApp2" */;
			developmentRegion = en;
			hasScannedForEncodings = 0;
			knownRegions = (
				en,
				Base,
			);
			mainGroup = E887D1F92D10550600A7EB10;
			minimizedProjectReferenceProxies = 1;
			packageReferences = (
				E887D28A2D10593C00A7EB10 /* XCRemoteSwiftPackageReference "swift-collections" */,
			);
			preferredProjectObjectVersion = 77;
			productRefGroup = E887D2032D10550600A7EB10 /* Products */;
			projectDirPath = "";
			projectRoot = "";
			targets = (
				E887D2012D10550600A7EB10 /* GApp2 */,
				E84554BB2D50CB200067ADF8 /* GApp2Watch Watch App */,
			);
		};
/* End PBXProject section */

/* Begin PBXResourcesBuildPhase section */
		E84554BA2D50CB200067ADF8 /* Resources */ = {
			isa = PBXResourcesBuildPhase;
			buildActionMask = 2147483647;
			files = (
			);
			runOnlyForDeploymentPostprocessing = 0;
		};
		E887D2002D10550600A7EB10 /* Resources */ = {
			isa = PBXResourcesBuildPhase;
			buildActionMask = 2147483647;
			files = (
			);
			runOnlyForDeploymentPostprocessing = 0;
		};
/* End PBXResourcesBuildPhase section */

/* Begin PBXSourcesBuildPhase section */
		E84554B82D50CB200067ADF8 /* Sources */ = {
			isa = PBXSourcesBuildPhase;
			buildActionMask = 2147483647;
			files = (
			);
			runOnlyForDeploymentPostprocessing = 0;
		};
		E887D1FE2D10550600A7EB10 /* Sources */ = {
			isa = PBXSourcesBuildPhase;
			buildActionMask = 2147483647;
			files = (
			);
			runOnlyForDeploymentPostprocessing = 0;
		};
/* End PBXSourcesBuildPhase section */

/* Begin PBXTargetDependency section */
		E84554C82D50CB220067ADF8 /* PBXTargetDependency */ = {
			isa = PBXTargetDependency;
			target = E84554BB2D50CB200067ADF8 /* GApp2Watch Watch App */;
			targetProxy = E84554C72D50CB220067ADF8 /* PBXContainerItemProxy */;
		};
/* End PBXTargetDependency section */

/* Begin XCBuildConfiguration section */
		E84554CB2D50CB220067ADF8 /* Debug */ = {
			isa = XCBuildConfiguration;
			buildSettings = {
				ASSETCATALOG_COMPILER_APPICON_NAME = AppIcon;
				ASSETCATALOG_COMPILER_GLOBAL_ACCENT_COLOR_NAME = AccentColor;
				CODE_SIGN_ENTITLEMENTS = "GApp2Watch Watch App/GApp2Watch Watch App.entitlements";
				CODE_SIGN_STYLE = Automatic;
				CURRENT_PROJECT_VERSION = 0;
				DEVELOPMENT_ASSET_PATHS = "\"GApp2Watch Watch App/Preview Content\"";
				DEVELOPMENT_TEAM = ZRTZ6CPX7Q;
				ENABLE_PREVIEWS = YES;
				GENERATE_INFOPLIST_FILE = YES;
				INFOPLIST_KEY_CFBundleDisplayName = GApp2Watch;
				INFOPLIST_KEY_NSHealthShareUsageDescription = "This app needs access to read Health data to provide personalized activity tracking.";
				INFOPLIST_KEY_NSHealthUpdateUsageDescription = "This app needs access to Health data to provide personalized activity tracking.";
				INFOPLIST_KEY_UISupportedInterfaceOrientations = "UIInterfaceOrientationPortrait UIInterfaceOrientationPortraitUpsideDown";
				INFOPLIST_KEY_WKCompanionAppBundleIdentifier = com.rt.GApp2;
				INFOPLIST_KEY_WKRunsIndependentlyOfCompanionApp = YES;
				LD_RUNPATH_SEARCH_PATHS = (
					"$(inherited)",
					"@executable_path/Frameworks",
				);
				MARKETING_VERSION = 1.8;
				PRODUCT_BUNDLE_IDENTIFIER = com.rt.GApp2.watchkitapp;
				PRODUCT_NAME = "$(TARGET_NAME)";
				SDKROOT = watchos;
				SKIP_INSTALL = YES;
				SWIFT_EMIT_LOC_STRINGS = YES;
				SWIFT_VERSION = 5.0;
				TARGETED_DEVICE_FAMILY = 4;
				WATCHOS_DEPLOYMENT_TARGET = 10.6;
			};
			name = Debug;
		};
		E84554CC2D50CB220067ADF8 /* Release */ = {
			isa = XCBuildConfiguration;
			buildSettings = {
				ASSETCATALOG_COMPILER_APPICON_NAME = AppIcon;
				ASSETCATALOG_COMPILER_GLOBAL_ACCENT_COLOR_NAME = AccentColor;
				CODE_SIGN_ENTITLEMENTS = "GApp2Watch Watch App/GApp2Watch Watch App.entitlements";
				CODE_SIGN_STYLE = Automatic;
				CURRENT_PROJECT_VERSION = 0;
				DEVELOPMENT_ASSET_PATHS = "\"GApp2Watch Watch App/Preview Content\"";
				DEVELOPMENT_TEAM = ZRTZ6CPX7Q;
				ENABLE_PREVIEWS = YES;
				GENERATE_INFOPLIST_FILE = YES;
				INFOPLIST_KEY_CFBundleDisplayName = GApp2Watch;
				INFOPLIST_KEY_NSHealthShareUsageDescription = "This app needs access to read Health data to provide personalized activity tracking.";
				INFOPLIST_KEY_NSHealthUpdateUsageDescription = "This app needs access to Health data to provide personalized activity tracking.";
				INFOPLIST_KEY_UISupportedInterfaceOrientations = "UIInterfaceOrientationPortrait UIInterfaceOrientationPortraitUpsideDown";
				INFOPLIST_KEY_WKCompanionAppBundleIdentifier = com.rt.GApp2;
				INFOPLIST_KEY_WKRunsIndependentlyOfCompanionApp = YES;
				LD_RUNPATH_SEARCH_PATHS = (
					"$(inherited)",
					"@executable_path/Frameworks",
				);
				MARKETING_VERSION = 1.8;
				PRODUCT_BUNDLE_IDENTIFIER = com.rt.GApp2.watchkitapp;
				PRODUCT_NAME = "$(TARGET_NAME)";
				SDKROOT = watchos;
				SKIP_INSTALL = YES;
				SWIFT_EMIT_LOC_STRINGS = YES;
				SWIFT_VERSION = 5.0;
				TARGETED_DEVICE_FAMILY = 4;
				WATCHOS_DEPLOYMENT_TARGET = 10.6;
			};
			name = Release;
		};
		E887D20E2D10550700A7EB10 /* Debug */ = {
			isa = XCBuildConfiguration;
			buildSettings = {
				ALWAYS_SEARCH_USER_PATHS = NO;
				ASSETCATALOG_COMPILER_GENERATE_SWIFT_ASSET_SYMBOL_EXTENSIONS = YES;
				CLANG_ANALYZER_NONNULL = YES;
				CLANG_ANALYZER_NUMBER_OBJECT_CONVERSION = YES_AGGRESSIVE;
				CLANG_CXX_LANGUAGE_STANDARD = "gnu++20";
				CLANG_ENABLE_MODULES = YES;
				CLANG_ENABLE_OBJC_ARC = YES;
				CLANG_ENABLE_OBJC_WEAK = YES;
				CLANG_WARN_BLOCK_CAPTURE_AUTORELEASING = YES;
				CLANG_WARN_BOOL_CONVERSION = YES;
				CLANG_WARN_COMMA = YES;
				CLANG_WARN_CONSTANT_CONVERSION = YES;
				CLANG_WARN_DEPRECATED_OBJC_IMPLEMENTATIONS = YES;
				CLANG_WARN_DIRECT_OBJC_ISA_USAGE = YES_ERROR;
				CLANG_WARN_DOCUMENTATION_COMMENTS = YES;
				CLANG_WARN_EMPTY_BODY = YES;
				CLANG_WARN_ENUM_CONVERSION = YES;
				CLANG_WARN_INFINITE_RECURSION = YES;
				CLANG_WARN_INT_CONVERSION = YES;
				CLANG_WARN_NON_LITERAL_NULL_CONVERSION = YES;
				CLANG_WARN_OBJC_IMPLICIT_RETAIN_SELF = YES;
				CLANG_WARN_OBJC_LITERAL_CONVERSION = YES;
				CLANG_WARN_OBJC_ROOT_CLASS = YES_ERROR;
				CLANG_WARN_QUOTED_INCLUDE_IN_FRAMEWORK_HEADER = YES;
				CLANG_WARN_RANGE_LOOP_ANALYSIS = YES;
				CLANG_WARN_STRICT_PROTOTYPES = YES;
				CLANG_WARN_SUSPICIOUS_MOVE = YES;
				CLANG_WARN_UNGUARDED_AVAILABILITY = YES_AGGRESSIVE;
				CLANG_WARN_UNREACHABLE_CODE = YES;
				CLANG_WARN__DUPLICATE_METHOD_MATCH = YES;
				COPY_PHASE_STRIP = NO;
				DEBUG_INFORMATION_FORMAT = dwarf;
				ENABLE_STRICT_OBJC_MSGSEND = YES;
				ENABLE_TESTABILITY = YES;
				ENABLE_USER_SCRIPT_SANDBOXING = YES;
				GCC_C_LANGUAGE_STANDARD = gnu17;
				GCC_DYNAMIC_NO_PIC = NO;
				GCC_NO_COMMON_BLOCKS = YES;
				GCC_OPTIMIZATION_LEVEL = 0;
				GCC_PREPROCESSOR_DEFINITIONS = (
					"DEBUG=1",
					"$(inherited)",
				);
				GCC_WARN_64_TO_32_BIT_CONVERSION = YES;
				GCC_WARN_ABOUT_RETURN_TYPE = YES_ERROR;
				GCC_WARN_UNDECLARED_SELECTOR = YES;
				GCC_WARN_UNINITIALIZED_AUTOS = YES_AGGRESSIVE;
				GCC_WARN_UNUSED_FUNCTION = YES;
				GCC_WARN_UNUSED_VARIABLE = YES;
				IPHONEOS_DEPLOYMENT_TARGET = 18.0;
				LOCALIZATION_PREFERS_STRING_CATALOGS = YES;
				MTL_ENABLE_DEBUG_INFO = INCLUDE_SOURCE;
				MTL_FAST_MATH = YES;
				ONLY_ACTIVE_ARCH = YES;
				SDKROOT = iphoneos;
				SWIFT_ACTIVE_COMPILATION_CONDITIONS = "DEBUG $(inherited)";
				SWIFT_OPTIMIZATION_LEVEL = "-Onone";
			};
			name = Debug;
		};
		E887D20F2D10550700A7EB10 /* Release */ = {
			isa = XCBuildConfiguration;
			buildSettings = {
				ALWAYS_SEARCH_USER_PATHS = NO;
				ASSETCATALOG_COMPILER_GENERATE_SWIFT_ASSET_SYMBOL_EXTENSIONS = YES;
				CLANG_ANALYZER_NONNULL = YES;
				CLANG_ANALYZER_NUMBER_OBJECT_CONVERSION = YES_AGGRESSIVE;
				CLANG_CXX_LANGUAGE_STANDARD = "gnu++20";
				CLANG_ENABLE_MODULES = YES;
				CLANG_ENABLE_OBJC_ARC = YES;
				CLANG_ENABLE_OBJC_WEAK = YES;
				CLANG_WARN_BLOCK_CAPTURE_AUTORELEASING = YES;
				CLANG_WARN_BOOL_CONVERSION = YES;
				CLANG_WARN_COMMA = YES;
				CLANG_WARN_CONSTANT_CONVERSION = YES;
				CLANG_WARN_DEPRECATED_OBJC_IMPLEMENTATIONS = YES;
				CLANG_WARN_DIRECT_OBJC_ISA_USAGE = YES_ERROR;
				CLANG_WARN_DOCUMENTATION_COMMENTS = YES;
				CLANG_WARN_EMPTY_BODY = YES;
				CLANG_WARN_ENUM_CONVERSION = YES;
				CLANG_WARN_INFINITE_RECURSION = YES;
				CLANG_WARN_INT_CONVERSION = YES;
				CLANG_WARN_NON_LITERAL_NULL_CONVERSION = YES;
				CLANG_WARN_OBJC_IMPLICIT_RETAIN_SELF = YES;
				CLANG_WARN_OBJC_LITERAL_CONVERSION = YES;
				CLANG_WARN_OBJC_ROOT_CLASS = YES_ERROR;
				CLANG_WARN_QUOTED_INCLUDE_IN_FRAMEWORK_HEADER = YES;
				CLANG_WARN_RANGE_LOOP_ANALYSIS = YES;
				CLANG_WARN_STRICT_PROTOTYPES = YES;
				CLANG_WARN_SUSPICIOUS_MOVE = YES;
				CLANG_WARN_UNGUARDED_AVAILABILITY = YES_AGGRESSIVE;
				CLANG_WARN_UNREACHABLE_CODE = YES;
				CLANG_WARN__DUPLICATE_METHOD_MATCH = YES;
				COPY_PHASE_STRIP = NO;
				DEBUG_INFORMATION_FORMAT = "dwarf-with-dsym";
				ENABLE_NS_ASSERTIONS = NO;
				ENABLE_STRICT_OBJC_MSGSEND = YES;
				ENABLE_USER_SCRIPT_SANDBOXING = YES;
				GCC_C_LANGUAGE_STANDARD = gnu17;
				GCC_NO_COMMON_BLOCKS = YES;
				GCC_WARN_64_TO_32_BIT_CONVERSION = YES;
				GCC_WARN_ABOUT_RETURN_TYPE = YES_ERROR;
				GCC_WARN_UNDECLARED_SELECTOR = YES;
				GCC_WARN_UNINITIALIZED_AUTOS = YES_AGGRESSIVE;
				GCC_WARN_UNUSED_FUNCTION = YES;
				GCC_WARN_UNUSED_VARIABLE = YES;
				IPHONEOS_DEPLOYMENT_TARGET = 18.0;
				LOCALIZATION_PREFERS_STRING_CATALOGS = YES;
				MTL_ENABLE_DEBUG_INFO = NO;
				MTL_FAST_MATH = YES;
				SDKROOT = iphoneos;
				SWIFT_COMPILATION_MODE = wholemodule;
				VALIDATE_PRODUCT = YES;
			};
			name = Release;
		};
		E887D2112D10550700A7EB10 /* Debug */ = {
			isa = XCBuildConfiguration;
			buildSettings = {
				ASSETCATALOG_COMPILER_APPICON_NAME = AppIcon;
				ASSETCATALOG_COMPILER_GLOBAL_ACCENT_COLOR_NAME = AccentColor;
				CODE_SIGN_ENTITLEMENTS = GApp2/GApp2.entitlements;
				CODE_SIGN_STYLE = Automatic;
				CURRENT_PROJECT_VERSION = 0;
				DEVELOPMENT_ASSET_PATHS = "\"GApp2/Preview Content\"";
				DEVELOPMENT_TEAM = ZRTZ6CPX7Q;
				ENABLE_PREVIEWS = YES;
				GENERATE_INFOPLIST_FILE = YES;
				INFOPLIST_KEY_NSBluetoothAlwaysUsageDescription = "App uses Bluetooth to connect to other devices";
				INFOPLIST_KEY_NSBluetoothPeripheralUsageDescription = "App is using Bluetooth to connect to other devices";
				INFOPLIST_KEY_UIApplicationSceneManifest_Generation = YES;
				INFOPLIST_KEY_UIApplicationSupportsIndirectInputEvents = YES;
				INFOPLIST_KEY_UILaunchScreen_Generation = YES;
				INFOPLIST_KEY_UISupportedInterfaceOrientations_iPad = "UIInterfaceOrientationPortrait UIInterfaceOrientationPortraitUpsideDown UIInterfaceOrientationLandscapeLeft UIInterfaceOrientationLandscapeRight";
				INFOPLIST_KEY_UISupportedInterfaceOrientations_iPhone = "UIInterfaceOrientationPortrait UIInterfaceOrientationLandscapeLeft UIInterfaceOrientationLandscapeRight";
				LD_RUNPATH_SEARCH_PATHS = (
					"$(inherited)",
					"@executable_path/Frameworks",
				);
				MARKETING_VERSION = 1.8;
				PRODUCT_BUNDLE_IDENTIFIER = com.rt.GApp2;
				PRODUCT_NAME = "$(TARGET_NAME)";
				SWIFT_EMIT_LOC_STRINGS = YES;
				SWIFT_VERSION = 5.0;
				TARGETED_DEVICE_FAMILY = "1,2";
			};
			name = Debug;
		};
		E887D2122D10550700A7EB10 /* Release */ = {
			isa = XCBuildConfiguration;
			buildSettings = {
				ASSETCATALOG_COMPILER_APPICON_NAME = AppIcon;
				ASSETCATALOG_COMPILER_GLOBAL_ACCENT_COLOR_NAME = AccentColor;
				CODE_SIGN_ENTITLEMENTS = GApp2/GApp2.entitlements;
				CODE_SIGN_STYLE = Automatic;
				CURRENT_PROJECT_VERSION = 0;
				DEVELOPMENT_ASSET_PATHS = "\"GApp2/Preview Content\"";
				DEVELOPMENT_TEAM = ZRTZ6CPX7Q;
				ENABLE_PREVIEWS = YES;
				GENERATE_INFOPLIST_FILE = YES;
				INFOPLIST_KEY_NSBluetoothAlwaysUsageDescription = "App uses Bluetooth to connect to other devices";
				INFOPLIST_KEY_NSBluetoothPeripheralUsageDescription = "App is using Bluetooth to connect to other devices";
				INFOPLIST_KEY_UIApplicationSceneManifest_Generation = YES;
				INFOPLIST_KEY_UIApplicationSupportsIndirectInputEvents = YES;
				INFOPLIST_KEY_UILaunchScreen_Generation = YES;
				INFOPLIST_KEY_UISupportedInterfaceOrientations_iPad = "UIInterfaceOrientationPortrait UIInterfaceOrientationPortraitUpsideDown UIInterfaceOrientationLandscapeLeft UIInterfaceOrientationLandscapeRight";
				INFOPLIST_KEY_UISupportedInterfaceOrientations_iPhone = "UIInterfaceOrientationPortrait UIInterfaceOrientationLandscapeLeft UIInterfaceOrientationLandscapeRight";
				LD_RUNPATH_SEARCH_PATHS = (
					"$(inherited)",
					"@executable_path/Frameworks",
				);
				MARKETING_VERSION = 1.8;
				PRODUCT_BUNDLE_IDENTIFIER = com.rt.GApp2;
				PRODUCT_NAME = "$(TARGET_NAME)";
				SWIFT_EMIT_LOC_STRINGS = YES;
				SWIFT_VERSION = 5.0;
				TARGETED_DEVICE_FAMILY = "1,2";
			};
			name = Release;
		};
/* End XCBuildConfiguration section */

/* Begin XCConfigurationList section */
		E84554CA2D50CB220067ADF8 /* Build configuration list for PBXNativeTarget "GApp2Watch Watch App" */ = {
			isa = XCConfigurationList;
			buildConfigurations = (
				E84554CB2D50CB220067ADF8 /* Debug */,
				E84554CC2D50CB220067ADF8 /* Release */,
			);
			defaultConfigurationIsVisible = 0;
			defaultConfigurationName = Release;
		};
		E887D1FD2D10550600A7EB10 /* Build configuration list for PBXProject "GApp2" */ = {
			isa = XCConfigurationList;
			buildConfigurations = (
				E887D20E2D10550700A7EB10 /* Debug */,
				E887D20F2D10550700A7EB10 /* Release */,
			);
			defaultConfigurationIsVisible = 0;
			defaultConfigurationName = Release;
		};
		E887D2102D10550700A7EB10 /* Build configuration list for PBXNativeTarget "GApp2" */ = {
			isa = XCConfigurationList;
			buildConfigurations = (
				E887D2112D10550700A7EB10 /* Debug */,
				E887D2122D10550700A7EB10 /* Release */,
			);
			defaultConfigurationIsVisible = 0;
			defaultConfigurationName = Release;
		};
/* End XCConfigurationList section */

/* Begin XCRemoteSwiftPackageReference section */
		E887D28A2D10593C00A7EB10 /* XCRemoteSwiftPackageReference "swift-collections" */ = {
			isa = XCRemoteSwiftPackageReference;
			repositoryURL = "https://github.com/apple/swift-collections.git";
			requirement = {
				kind = upToNextMajorVersion;
				minimumVersion = 1.1.4;
			};
		};
/* End XCRemoteSwiftPackageReference section */

/* Begin XCSwiftPackageProductDependency section */
		E887D28B2D10593C00A7EB10 /* Collections */ = {
			isa = XCSwiftPackageProductDependency;
			package = E887D28A2D10593C00A7EB10 /* XCRemoteSwiftPackageReference "swift-collections" */;
			productName = Collections;
		};
		E887D28D2D10593C00A7EB10 /* HashTreeCollections */ = {
			isa = XCSwiftPackageProductDependency;
			package = E887D28A2D10593C00A7EB10 /* XCRemoteSwiftPackageReference "swift-collections" */;
			productName = HashTreeCollections;
		};
		E887D28F2D10593C00A7EB10 /* OrderedCollections */ = {
			isa = XCSwiftPackageProductDependency;
			package = E887D28A2D10593C00A7EB10 /* XCRemoteSwiftPackageReference "swift-collections" */;
			productName = OrderedCollections;
		};
/* End XCSwiftPackageProductDependency section */
	};
	rootObject = E887D1FA2D10550600A7EB10 /* Project object */;
}
